
Microsoft Visual Studio Solution File, Format Version 12.00
# Visual Studio Version 17
VisualStudioVersion = 17.4.33205.214
MinimumVisualStudioVersion = 10.0.40219.1
Project("{9A19103F-16F7-4668-BE54-9A1E7A4F7556}") = "YachtMarinaAPI", "YachtMarinaAPI\YachtMarinaAPI.csproj", "{A771D32E-52EC-43EE-96EA-9A6BDFFACC4B}"
EndProject
Project("{FAE04EC0-301F-11D3-BF4B-00C04F79EFBC}") = "YachtMarinaAPITests", "YachtMarinaAPITests\YachtMarinaAPITests.csproj", "{6601EA52-E32D-470D-849B-F1842773BC23}"
EndProject
Global
	GlobalSection(SolutionConfigurationPlatforms) = preSolution
		Debug|Any CPU = Debug|Any CPU
		Release|Any CPU = Release|Any CPU
	EndGlobalSection
	GlobalSection(ProjectConfigurationPlatforms) = postSolution
		{A771D32E-52EC-43EE-96EA-9A6BDFFACC4B}.Debug|Any CPU.ActiveCfg = Debug|Any CPU
		{A771D32E-52EC-43EE-96EA-9A6BDFFACC4B}.Debug|Any CPU.Build.0 = Debug|Any CPU
		{A771D32E-52EC-43EE-96EA-9A6BDFFACC4B}.Release|Any CPU.ActiveCfg = Release|Any CPU
		{A771D32E-52EC-43EE-96EA-9A6BDFFACC4B}.Release|Any CPU.Build.0 = Release|Any CPU
		{6601EA52-E32D-470D-849B-F1842773BC23}.Debug|Any CPU.ActiveCfg = Debug|Any CPU
		{6601EA52-E32D-470D-849B-F1842773BC23}.Debug|Any CPU.Build.0 = Debug|Any CPU
		{6601EA52-E32D-470D-849B-F1842773BC23}.Release|Any CPU.ActiveCfg = Release|Any CPU
		{6601EA52-E32D-470D-849B-F1842773BC23}.Release|Any CPU.Build.0 = Release|Any CPU
	EndGlobalSection
	GlobalSection(SolutionProperties) = preSolution
		HideSolutionNode = FALSE
	EndGlobalSection
	GlobalSection(ExtensibilityGlobals) = postSolution
		SolutionGuid = {C1E5011B-4CD5-4F25-99A6-41A8540F01AC}
	EndGlobalSection
EndGlobal
